// !$*UTF8*$!
{
	archiveVersion = 1;
	classes = {
	};
	objectVersion = 56;
	objects = {

/* Begin PBXBuildFile section */
		47884F742F78A5AC004CDDB3 /* free_exercise_db.json in Resources */ = {isa = PBXBuildFile; fileRef = 47884F732F78A5AC004CDDB3 /* free_exercise_db.json */; };
		A10001 /* PumpernickelApp.swift in Sources */ = {isa = PBXBuildFile; fileRef = B10001 /* PumpernickelApp.swift */; };
		A10002 /* MainTabView.swift in Sources */ = {isa = PBXBuildFile; fileRef = B10002 /* MainTabView.swift */; };
		A10003 /* WorkoutEmptyStateView.swift in Sources */ = {isa = PBXBuildFile; fileRef = B10003 /* WorkoutEmptyStateView.swift */; };
		A10004 /* PlaceholderTabView.swift in Sources */ = {isa = PBXBuildFile; fileRef = B10004 /* PlaceholderTabView.swift */; };
		A10005 /* FlowObservation.swift in Sources */ = {isa = PBXBuildFile; fileRef = B10005 /* FlowObservation.swift */; };
		A10006 /* Assets.xcassets in Resources */ = {isa = PBXBuildFile; fileRef = B10006 /* Assets.xcassets */; };
		A10007 /* Preview Assets.xcassets in Resources */ = {isa = PBXBuildFile; fileRef = B10007 /* Preview Assets.xcassets */; };
		A10020 /* KMPNativeCoroutinesAsync in Frameworks */ = {isa = PBXBuildFile; productRef = D10001 /* KMPNativeCoroutinesAsync */; };
		A10021 /* KMPNativeCoroutinesCore in Frameworks */ = {isa = PBXBuildFile; productRef = D10002 /* KMPNativeCoroutinesCore */; };
		A10030 /* ExerciseCatalogView.swift in Sources */ = {isa = PBXBuildFile; fileRef = B10030 /* ExerciseCatalogView.swift */; };
		A10031 /* ExerciseDetailView.swift in Sources */ = {isa = PBXBuildFile; fileRef = B10031 /* ExerciseDetailView.swift */; };
		A10032 /* CreateExerciseView.swift in Sources */ = {isa = PBXBuildFile; fileRef = B10032 /* CreateExerciseView.swift */; };
		A10033 /* AnatomyPickerView.swift in Sources */ = {isa = PBXBuildFile; fileRef = B10033 /* AnatomyPickerView.swift */; };
		A10034 /* AnatomyFrontShape.swift in Sources */ = {isa = PBXBuildFile; fileRef = B10034 /* AnatomyFrontShape.swift */; };
		A10035 /* AnatomyBackShape.swift in Sources */ = {isa = PBXBuildFile; fileRef = B10035 /* AnatomyBackShape.swift */; };
		A10036 /* MuscleRegionPaths.swift in Sources */ = {isa = PBXBuildFile; fileRef = B10036 /* MuscleRegionPaths.swift */; };
		A10040 /* SVGPath in Frameworks */ = {isa = PBXBuildFile; productRef = D10003 /* SVGPath */; };
		A10050 /* TemplateListView.swift in Sources */ = {isa = PBXBuildFile; fileRef = B10050 /* TemplateListView.swift */; };
		A10051 /* TemplateEditorView.swift in Sources */ = {isa = PBXBuildFile; fileRef = B10051 /* TemplateEditorView.swift */; };
		A10052 /* ExercisePickerView.swift in Sources */ = {isa = PBXBuildFile; fileRef = B10052 /* ExercisePickerView.swift */; };
		A10060 /* WorkoutSessionView.swift in Sources */ = {isa = PBXBuildFile; fileRef = B10060 /* WorkoutSessionView.swift */; };
		A10061 /* WorkoutSetRow.swift in Sources */ = {isa = PBXBuildFile; fileRef = B10061 /* WorkoutSetRow.swift */; };
		A10062 /* RestTimerView.swift in Sources */ = {isa = PBXBuildFile; fileRef = B10062 /* RestTimerView.swift */; };
		A10063 /* ExerciseOverviewSheet.swift in Sources */ = {isa = PBXBuildFile; fileRef = B10063 /* ExerciseOverviewSheet.swift */; };
		A10064 /* WorkoutFinishedView.swift in Sources */ = {isa = PBXBuildFile; fileRef = B10064 /* WorkoutFinishedView.swift */; };
		A10070 /* WorkoutHistoryListView.swift in Sources */ = {isa = PBXBuildFile; fileRef = B10070 /* WorkoutHistoryListView.swift */; };
		A10071 /* WorkoutHistoryDetailView.swift in Sources */ = {isa = PBXBuildFile; fileRef = B10071 /* WorkoutHistoryDetailView.swift */; };
		A10072 /* SettingsView.swift in Sources */ = {isa = PBXBuildFile; fileRef = B10072 /* SettingsView.swift */; };
		A10080 /* Color+App.swift in Sources */ = {isa = PBXBuildFile; fileRef = B10080 /* Color+App.swift */; };
/* End PBXBuildFile section */

/* Begin PBXFileReference section */
		47884F732F78A5AC004CDDB3 /* free_exercise_db.json */ = {isa = PBXFileReference; lastKnownFileType = text.json; name = free_exercise_db.json; path = ../shared/src/commonMain/resources/free_exercise_db.json; sourceTree = SOURCE_ROOT; };
		B10001 /* PumpernickelApp.swift */ = {isa = PBXFileReference; lastKnownFileType = sourcecode.swift; path = PumpernickelApp.swift; sourceTree = "<group>"; };
		B10002 /* MainTabView.swift */ = {isa = PBXFileReference; lastKnownFileType = sourcecode.swift; path = MainTabView.swift; sourceTree = "<group>"; };
		B10003 /* WorkoutEmptyStateView.swift */ = {isa = PBXFileReference; lastKnownFileType = sourcecode.swift; path = WorkoutEmptyStateView.swift; sourceTree = "<group>"; };
		B10004 /* PlaceholderTabView.swift */ = {isa = PBXFileReference; lastKnownFileType = sourcecode.swift; path = PlaceholderTabView.swift; sourceTree = "<group>"; };
		B10005 /* FlowObservation.swift */ = {isa = PBXFileReference; lastKnownFileType = sourcecode.swift; path = FlowObservation.swift; sourceTree = "<group>"; };
		B10006 /* Assets.xcassets */ = {isa = PBXFileReference; lastKnownFileType = folder.assetcatalog; path = Assets.xcassets; sourceTree = "<group>"; };
		B10007 /* Preview Assets.xcassets */ = {isa = PBXFileReference; lastKnownFileType = folder.assetcatalog; path = "Preview Assets.xcassets"; sourceTree = "<group>"; };
		B10010 /* iosApp.app */ = {isa = PBXFileReference; explicitFileType = wrapper.application; includeInIndex = 0; path = iosApp.app; sourceTree = BUILT_PRODUCTS_DIR; };
		B10030 /* ExerciseCatalogView.swift */ = {isa = PBXFileReference; lastKnownFileType = sourcecode.swift; path = ExerciseCatalogView.swift; sourceTree = "<group>"; };
		B10031 /* ExerciseDetailView.swift */ = {isa = PBXFileReference; lastKnownFileType = sourcecode.swift; path = ExerciseDetailView.swift; sourceTree = "<group>"; };
		B10032 /* CreateExerciseView.swift */ = {isa = PBXFileReference; lastKnownFileType = sourcecode.swift; path = CreateExerciseView.swift; sourceTree = "<group>"; };
		B10033 /* AnatomyPickerView.swift */ = {isa = PBXFileReference; lastKnownFileType = sourcecode.swift; path = AnatomyPickerView.swift; sourceTree = "<group>"; };
		B10034 /* AnatomyFrontShape.swift */ = {isa = PBXFileReference; lastKnownFileType = sourcecode.swift; path = AnatomyFrontShape.swift; sourceTree = "<group>"; };
		B10035 /* AnatomyBackShape.swift */ = {isa = PBXFileReference; lastKnownFileType = sourcecode.swift; path = AnatomyBackShape.swift; sourceTree = "<group>"; };
		B10036 /* MuscleRegionPaths.swift */ = {isa = PBXFileReference; lastKnownFileType = sourcecode.swift; path = MuscleRegionPaths.swift; sourceTree = "<group>"; };
		B10050 /* TemplateListView.swift */ = {isa = PBXFileReference; lastKnownFileType = sourcecode.swift; path = TemplateListView.swift; sourceTree = "<group>"; };
		B10051 /* TemplateEditorView.swift */ = {isa = PBXFileReference; lastKnownFileType = sourcecode.swift; path = TemplateEditorView.swift; sourceTree = "<group>"; };
		B10052 /* ExercisePickerView.swift */ = {isa = PBXFileReference; lastKnownFileType = sourcecode.swift; path = ExercisePickerView.swift; sourceTree = "<group>"; };
		B10060 /* WorkoutSessionView.swift */ = {isa = PBXFileReference; lastKnownFileType = sourcecode.swift; path = WorkoutSessionView.swift; sourceTree = "<group>"; };
		B10061 /* WorkoutSetRow.swift */ = {isa = PBXFileReference; lastKnownFileType = sourcecode.swift; path = WorkoutSetRow.swift; sourceTree = "<group>"; };
		B10062 /* RestTimerView.swift */ = {isa = PBXFileReference; lastKnownFileType = sourcecode.swift; path = RestTimerView.swift; sourceTree = "<group>"; };
		B10063 /* ExerciseOverviewSheet.swift */ = {isa = PBXFileReference; lastKnownFileType = sourcecode.swift; path = ExerciseOverviewSheet.swift; sourceTree = "<group>"; };
		B10064 /* WorkoutFinishedView.swift */ = {isa = PBXFileReference; lastKnownFileType = sourcecode.swift; path = WorkoutFinishedView.swift; sourceTree = "<group>"; };
		B10070 /* WorkoutHistoryListView.swift */ = {isa = PBXFileReference; lastKnownFileType = sourcecode.swift; path = WorkoutHistoryListView.swift; sourceTree = "<group>"; };
		B10071 /* WorkoutHistoryDetailView.swift */ = {isa = PBXFileReference; lastKnownFileType = sourcecode.swift; path = WorkoutHistoryDetailView.swift; sourceTree = "<group>"; };
		B10072 /* SettingsView.swift */ = {isa = PBXFileReference; lastKnownFileType = sourcecode.swift; path = SettingsView.swift; sourceTree = "<group>"; };
		B10080 /* Color+App.swift */ = {isa = PBXFileReference; lastKnownFileType = sourcecode.swift; path = "Color+App.swift"; sourceTree = "<group>"; };
/* End PBXFileReference section */

/* Begin PBXFrameworksBuildPhase section */
		C10001 /* Frameworks */ = {
			isa = PBXFrameworksBuildPhase;
			buildActionMask = 2147483647;
			files = (
				A10020 /* KMPNativeCoroutinesAsync in Frameworks */,
				A10021 /* KMPNativeCoroutinesCore in Frameworks */,
				A10040 /* SVGPath in Frameworks */,
			);
			runOnlyForDeploymentPostprocessing = 0;
		};
/* End PBXFrameworksBuildPhase section */

/* Begin PBXGroup section */
		E10001 = {
			isa = PBXGroup;
			children = (
				47884F732F78A5AC004CDDB3 /* free_exercise_db.json */,
				E10002 /* iosApp */,
				E10010 /* Products */,
			);
			sourceTree = "<group>";
		};
		E10002 /* iosApp */ = {
			isa = PBXGroup;
			children = (
				B10001 /* PumpernickelApp.swift */,
				E10003 /* Views */,
				E10005 /* Utilities */,
				E10014 /* Extensions */,
				B10006 /* Assets.xcassets */,
				E10006 /* Preview Content */,
			);
			path = iosApp;
			sourceTree = "<group>";
		};
		E10003 /* Views */ = {
			isa = PBXGroup;
			children = (
				B10002 /* MainTabView.swift */,
				E10004 /* Common */,
				E10007 /* Exercises */,
				E10008 /* Anatomy */,
				E10009 /* Templates */,
				E10011 /* Workout */,
				E10012 /* History */,
				E10013 /* Settings */,
			);
			path = Views;
			sourceTree = "<group>";
		};
		E10004 /* Common */ = {
			isa = PBXGroup;
			children = (
				B10003 /* WorkoutEmptyStateView.swift */,
				B10004 /* PlaceholderTabView.swift */,
			);
			path = Common;
			sourceTree = "<group>";
		};
		E10005 /* Utilities */ = {
			isa = PBXGroup;
			children = (
				B10005 /* FlowObservation.swift */,
			);
			path = Utilities;
			sourceTree = "<group>";
		};
		E10006 /* Preview Content */ = {
			isa = PBXGroup;
			children = (
				B10007 /* Preview Assets.xcassets */,
			);
			path = "Preview Content";
			sourceTree = "<group>";
		};
		E10007 /* Exercises */ = {
			isa = PBXGroup;
			children = (
				B10030 /* ExerciseCatalogView.swift */,
				B10031 /* ExerciseDetailView.swift */,
				B10032 /* CreateExerciseView.swift */,
			);
			path = Exercises;
			sourceTree = "<group>";
		};
		E10008 /* Anatomy */ = {
			isa = PBXGroup;
			children = (
				B10033 /* AnatomyPickerView.swift */,
				B10034 /* AnatomyFrontShape.swift */,
				B10035 /* AnatomyBackShape.swift */,
				B10036 /* MuscleRegionPaths.swift */,
			);
			path = Anatomy;
			sourceTree = "<group>";
		};
		E10009 /* Templates */ = {
			isa = PBXGroup;
			children = (
				B10050 /* TemplateListView.swift */,
				B10051 /* TemplateEditorView.swift */,
				B10052 /* ExercisePickerView.swift */,
			);
			path = Templates;
			sourceTree = "<group>";
		};
		E10010 /* Products */ = {
			isa = PBXGroup;
			children = (
				B10010 /* iosApp.app */,
			);
			name = Products;
			sourceTree = "<group>";
		};
		E10011 /* Workout */ = {
			isa = PBXGroup;
			children = (
				B10060 /* WorkoutSessionView.swift */,
				B10061 /* WorkoutSetRow.swift */,
				B10062 /* RestTimerView.swift */,
				B10063 /* ExerciseOverviewSheet.swift */,
				B10064 /* WorkoutFinishedView.swift */,
			);
			path = Workout;
			sourceTree = "<group>";
		};
		E10012 /* History */ = {
			isa = PBXGroup;
			children = (
				B10070 /* WorkoutHistoryListView.swift */,
				B10071 /* WorkoutHistoryDetailView.swift */,
			);
			path = History;
			sourceTree = "<group>";
		};
		E10013 /* Settings */ = {
			isa = PBXGroup;
			children = (
				B10072 /* SettingsView.swift */,
			);
			path = Settings;
			sourceTree = "<group>";
		};
		E10014 /* Extensions */ = {
			isa = PBXGroup;
			children = (
				B10080 /* Color+App.swift */,
			);
			path = Extensions;
			sourceTree = "<group>";
		};
/* End PBXGroup section */

/* Begin PBXNativeTarget section */
		F10001 /* iosApp */ = {
			isa = PBXNativeTarget;
			buildConfigurationList = G10003 /* Build configuration list for PBXNativeTarget "iosApp" */;
			buildPhases = (
				F10010 /* Build Kotlin Framework */,
				F10002 /* Sources */,
				C10001 /* Frameworks */,
				F10003 /* Resources */,
				F10011 /* Embed Frameworks */,
			);
			buildRules = (
			);
			dependencies = (
			);
			name = iosApp;
			packageProductDependencies = (
				D10001 /* KMPNativeCoroutinesAsync */,
				D10002 /* KMPNativeCoroutinesCore */,
				D10003 /* SVGPath */,
			);
			productName = iosApp;
			productReference = B10010 /* iosApp.app */;
			productType = "com.apple.product-type.application";
		};
/* End PBXNativeTarget section */

/* Begin PBXProject section */
		H10001 /* Project object */ = {
			isa = PBXProject;
			attributes = {
				BuildIndependentTargetsInParallel = 1;
				LastSwiftUpdateCheck = 1540;
				LastUpgradeCheck = 1540;
				TargetAttributes = {
					F10001 = {
						CreatedOnToolsVersion = 15.4;
					};
				};
			};
			buildConfigurationList = G10001 /* Build configuration list for PBXProject "iosApp" */;
			compatibilityVersion = "Xcode 14.0";
			developmentRegion = en;
			hasScannedForEncodings = 0;
			knownRegions = (
				en,
				Base,
			);
			mainGroup = E10001;
			packageReferences = (
				D10010 /* XCRemoteSwiftPackageReference "KMP-NativeCoroutines" */,
				D10011 /* XCRemoteSwiftPackageReference "SVGPath" */,
			);
			productRefGroup = E10010 /* Products */;
			projectDirPath = "";
			projectRoot = "";
			targets = (
				F10001 /* iosApp */,
			);
		};
/* End PBXProject section */

/* Begin PBXResourcesBuildPhase section */
		F10003 /* Resources */ = {
			isa = PBXResourcesBuildPhase;
			buildActionMask = 2147483647;
			files = (
				A10006 /* Assets.xcassets in Resources */,
				A10007 /* Preview Assets.xcassets in Resources */,
				47884F742F78A5AC004CDDB3 /* free_exercise_db.json in Resources */,
			);
			runOnlyForDeploymentPostprocessing = 0;
		};
/* End PBXResourcesBuildPhase section */

/* Begin PBXShellScriptBuildPhase section */
		F10010 /* Build Kotlin Framework */ = {
			isa = PBXShellScriptBuildPhase;
			alwaysOutOfDate = 1;
			buildActionMask = 2147483647;
			files = (
			);
			inputFileListPaths = (
			);
			inputPaths = (
			);
			name = "Build Kotlin Framework";
			outputFileListPaths = (
			);
			outputPaths = (
			);
			runOnlyForDeploymentPostprocessing = 0;
			shellPath = /bin/sh;
			shellScript = "cd \"$SRCROOT/..\"\n./gradlew :shared:embedAndSignAppleFrameworkForXcode\n";
		};
		F10011 /* Embed Frameworks */ = {
			isa = PBXShellScriptBuildPhase;
			buildActionMask = 2147483647;
			files = (
			);
			inputFileListPaths = (
			);
			inputPaths = (
			);
			name = "Embed Frameworks";
			outputFileListPaths = (
			);
			outputPaths = (
			);
			runOnlyForDeploymentPostprocessing = 0;
			shellPath = /bin/sh;
			shellScript = "";
		};
/* End PBXShellScriptBuildPhase section */

/* Begin PBXSourcesBuildPhase section */
		F10002 /* Sources */ = {
			isa = PBXSourcesBuildPhase;
			buildActionMask = 2147483647;
			files = (
				A10001 /* PumpernickelApp.swift in Sources */,
				A10002 /* MainTabView.swift in Sources */,
				A10003 /* WorkoutEmptyStateView.swift in Sources */,
				A10004 /* PlaceholderTabView.swift in Sources */,
				A10005 /* FlowObservation.swift in Sources */,
				A10030 /* ExerciseCatalogView.swift in Sources */,
				A10031 /* ExerciseDetailView.swift in Sources */,
				A10032 /* CreateExerciseView.swift in Sources */,
				A10033 /* AnatomyPickerView.swift in Sources */,
				A10034 /* AnatomyFrontShape.swift in Sources */,
				A10035 /* AnatomyBackShape.swift in Sources */,
				A10036 /* MuscleRegionPaths.swift in Sources */,
				A10050 /* TemplateListView.swift in Sources */,
				A10051 /* TemplateEditorView.swift in Sources */,
				A10052 /* ExercisePickerView.swift in Sources */,
				A10060 /* WorkoutSessionView.swift in Sources */,
				A10061 /* WorkoutSetRow.swift in Sources */,
				A10062 /* RestTimerView.swift in Sources */,
				A10063 /* ExerciseOverviewSheet.swift in Sources */,
				A10064 /* WorkoutFinishedView.swift in Sources */,
				A10070 /* WorkoutHistoryListView.swift in Sources */,
				A10071 /* WorkoutHistoryDetailView.swift in Sources */,
				A10072 /* SettingsView.swift in Sources */,
				A10080 /* Color+App.swift in Sources */,
			);
			runOnlyForDeploymentPostprocessing = 0;
		};
/* End PBXSourcesBuildPhase section */

/* Begin XCBuildConfiguration section */
		G10010 /* Debug */ = {
			isa = XCBuildConfiguration;
			buildSettings = {
				ALWAYS_SEARCH_USER_PATHS = NO;
				ASSETCATALOG_COMPILER_GENERATE_SWIFT_ASSET_SYMBOL_EXTENSIONS = YES;
				CLANG_ANALYZER_NONNULL = YES;
				CLANG_ANALYZER_NUMBER_OBJECT_CONVERSION = YES_AGGRESSIVE;
				CLANG_CXX_LANGUAGE_STANDARD = "gnu++20";
				CLANG_ENABLE_MODULES = YES;
				CLANG_ENABLE_OBJC_ARC = YES;
				CLANG_ENABLE_OBJC_WEAK = YES;
				CLANG_WARN_BLOCK_CAPTURE_AUTORELEASING = YES;
				CLANG_WARN_BOOL_CONVERSION = YES;
				CLANG_WARN_COMMA = YES;
				CLANG_WARN_CONSTANT_CONVERSION = YES;
				CLANG_WARN_DEPRECATED_OBJC_IMPLEMENTATIONS = YES;
				CLANG_WARN_DIRECT_OBJC_ISA_USAGE = YES_ERROR;
				CLANG_WARN_DOCUMENTATION_COMMENTS = YES;
				CLANG_WARN_EMPTY_BODY = YES;
				CLANG_WARN_ENUM_CONVERSION = YES;
				CLANG_WARN_INFINITE_RECURSION = YES;
				CLANG_WARN_INT_CONVERSION = YES;
				CLANG_WARN_NON_LITERAL_NULL_CONVERSION = YES;
				CLANG_WARN_OBJC_IMPLICIT_RETAIN_SELF = YES;
				CLANG_WARN_OBJC_LITERAL_CONVERSION = YES;
				CLANG_WARN_OBJC_ROOT_CLASS = YES_ERROR;
				CLANG_WARN_QUOTED_INCLUDE_IN_FRAMEWORK_HEADER = YES;
				CLANG_WARN_RANGE_LOOP_ANALYSIS = YES;
				CLANG_WARN_STRICT_PROTOTYPES = YES;
				CLANG_WARN_SUSPICIOUS_MOVE = YES;
				CLANG_WARN_UNGUARDED_AVAILABILITY = YES_AGGRESSIVE;
				CLANG_WARN_UNREACHABLE_CODE = YES;
				CLANG_WARN__DUPLICATE_METHOD_MATCH = YES;
				COPY_PHASE_STRIP = NO;
				DEBUG_INFORMATION_FORMAT = dwarf;
				ENABLE_STRICT_OBJC_MSGSEND = YES;
				ENABLE_TESTABILITY = YES;
				ENABLE_USER_SCRIPT_SANDBOXING = NO;
				GCC_C_LANGUAGE_STANDARD = gnu17;
				GCC_DYNAMIC_NO_PIC = NO;
				GCC_NO_COMMON_BLOCKS = YES;
				GCC_OPTIMIZATION_LEVEL = 0;
				GCC_PREPROCESSOR_DEFINITIONS = (
					"DEBUG=1",
					"$(inherited)",
				);
				GCC_WARN_64_TO_32_BIT_CONVERSION = YES;
				GCC_WARN_ABOUT_RETURN_TYPE = YES_ERROR;
				GCC_WARN_UNDECLARED_SELECTOR = YES;
				GCC_WARN_UNINITIALIZED_AUTOS = YES_AGGRESSIVE;
				GCC_WARN_UNUSED_FUNCTION = YES;
				GCC_WARN_UNUSED_VARIABLE = YES;
				IPHONEOS_DEPLOYMENT_TARGET = 17.0;
				LOCALIZATION_PREFERS_STRING_CATALOGS = YES;
				MTL_ENABLE_DEBUG_INFO = INCLUDE_SOURCE;
				MTL_FAST_MATH = YES;
				ONLY_ACTIVE_ARCH = YES;
				SDKROOT = iphoneos;
				SWIFT_ACTIVE_COMPILATION_CONDITIONS = "DEBUG $(inherited)";
				SWIFT_OPTIMIZATION_LEVEL = "-Onone";
			};
			name = Debug;
		};
		G10011 /* Release */ = {
			isa = XCBuildConfiguration;
			buildSettings = {
				ALWAYS_SEARCH_USER_PATHS = NO;
				ASSETCATALOG_COMPILER_GENERATE_SWIFT_ASSET_SYMBOL_EXTENSIONS = YES;
				CLANG_ANALYZER_NONNULL = YES;
				CLANG_ANALYZER_NUMBER_OBJECT_CONVERSION = YES_AGGRESSIVE;
				CLANG_CXX_LANGUAGE_STANDARD = "gnu++20";
				CLANG_ENABLE_MODULES = YES;
				CLANG_ENABLE_OBJC_ARC = YES;
				CLANG_ENABLE_OBJC_WEAK = YES;
				CLANG_WARN_BLOCK_CAPTURE_AUTORELEASING = YES;
				CLANG_WARN_BOOL_CONVERSION = YES;
				CLANG_WARN_COMMA = YES;
				CLANG_WARN_CONSTANT_CONVERSION = YES;
				CLANG_WARN_DEPRECATED_OBJC_IMPLEMENTATIONS = YES;
				CLANG_WARN_DIRECT_OBJC_ISA_USAGE = YES_ERROR;
				CLANG_WARN_DOCUMENTATION_COMMENTS = YES;
				CLANG_WARN_EMPTY_BODY = YES;
				CLANG_WARN_ENUM_CONVERSION = YES;
				CLANG_WARN_INFINITE_RECURSION = YES;
				CLANG_WARN_INT_CONVERSION = YES;
				CLANG_WARN_NON_LITERAL_NULL_CONVERSION = YES;
				CLANG_WARN_OBJC_IMPLICIT_RETAIN_SELF = YES;
				CLANG_WARN_OBJC_LITERAL_CONVERSION = YES;
				CLANG_WARN_OBJC_ROOT_CLASS = YES_ERROR;
				CLANG_WARN_QUOTED_INCLUDE_IN_FRAMEWORK_HEADER = YES;
				CLANG_WARN_RANGE_LOOP_ANALYSIS = YES;
				CLANG_WARN_STRICT_PROTOTYPES = YES;
				CLANG_WARN_SUSPICIOUS_MOVE = YES;
				CLANG_WARN_UNGUARDED_AVAILABILITY = YES_AGGRESSIVE;
				CLANG_WARN_UNREACHABLE_CODE = YES;
				CLANG_WARN__DUPLICATE_METHOD_MATCH = YES;
				COPY_PHASE_STRIP = NO;
				DEBUG_INFORMATION_FORMAT = "dwarf-with-dsym";
				ENABLE_NS_ASSERTIONS = NO;
				ENABLE_STRICT_OBJC_MSGSEND = YES;
				ENABLE_USER_SCRIPT_SANDBOXING = NO;
				GCC_C_LANGUAGE_STANDARD = gnu17;
				GCC_NO_COMMON_BLOCKS = YES;
				GCC_WARN_64_TO_32_BIT_CONVERSION = YES;
				GCC_WARN_ABOUT_RETURN_TYPE = YES_ERROR;
				GCC_WARN_UNDECLARED_SELECTOR = YES;
				GCC_WARN_UNINITIALIZED_AUTOS = YES_AGGRESSIVE;
				GCC_WARN_UNUSED_FUNCTION = YES;
				GCC_WARN_UNUSED_VARIABLE = YES;
				IPHONEOS_DEPLOYMENT_TARGET = 17.0;
				LOCALIZATION_PREFERS_STRING_CATALOGS = YES;
				MTL_ENABLE_DEBUG_INFO = NO;
				MTL_FAST_MATH = YES;
				SDKROOT = iphoneos;
				SWIFT_COMPILATION_MODE = wholemodule;
				VALIDATE_PRODUCT = YES;
			};
			name = Release;
		};
		G10020 /* Debug */ = {
			isa = XCBuildConfiguration;
			buildSettings = {
				ASSETCATALOG_COMPILER_APPICON_NAME = AppIcon;
				ASSETCATALOG_COMPILER_GLOBAL_ACCENT_COLOR_NAME = AccentColor;
				CODE_SIGN_STYLE = Automatic;
				CURRENT_PROJECT_VERSION = 1;
				DEVELOPMENT_ASSET_PATHS = "\"iosApp/Preview Content\"";
				DEVELOPMENT_TEAM = RFV322677X;
				ENABLE_PREVIEWS = YES;
				FRAMEWORK_SEARCH_PATHS = "$(SRCROOT)/../shared/build/xcode-frameworks/$(CONFIGURATION)/$(SDK_NAME)";
				GENERATE_INFOPLIST_FILE = YES;
				INFOPLIST_KEY_UIApplicationSceneManifest_Generation = YES;
				INFOPLIST_KEY_UIApplicationSupportsIndirectInputEvents = YES;
				INFOPLIST_KEY_UILaunchScreen_Generation = YES;
				INFOPLIST_KEY_UISupportedInterfaceOrientations_iPad = "UIInterfaceOrientationPortrait UIInterfaceOrientationPortraitUpsideDown UIInterfaceOrientationLandscapeLeft UIInterfaceOrientationLandscapeRight";
				INFOPLIST_KEY_UISupportedInterfaceOrientations_iPhone = "UIInterfaceOrientationPortrait UIInterfaceOrientationLandscapeLeft UIInterfaceOrientationLandscapeRight";
				LD_RUNPATH_SEARCH_PATHS = (
					"$(inherited)",
					"@executable_path/Frameworks",
				);
				MARKETING_VERSION = 1.0;
				OTHER_LDFLAGS = (
					"$(inherited)",
					"-framework",
					Shared,
				);
				PRODUCT_BUNDLE_IDENTIFIER = com.pumpernickel.iosApp;
				PRODUCT_NAME = "$(TARGET_NAME)";
				SWIFT_EMIT_LOC_STRINGS = YES;
				SWIFT_VERSION = 5.0;
				TARGETED_DEVICE_FAMILY = "1,2";
			};
			name = Debug;
		};
		G10021 /* Release */ = {
			isa = XCBuildConfiguration;
			buildSettings = {
				ASSETCATALOG_COMPILER_APPICON_NAME = AppIcon;
				ASSETCATALOG_COMPILER_GLOBAL_ACCENT_COLOR_NAME = AccentColor;
				CODE_SIGN_STYLE = Automatic;
				CURRENT_PROJECT_VERSION = 1;
				DEVELOPMENT_ASSET_PATHS = "\"iosApp/Preview Content\"";
				DEVELOPMENT_TEAM = RFV322677X;
				ENABLE_PREVIEWS = YES;
				FRAMEWORK_SEARCH_PATHS = "$(SRCROOT)/../shared/build/xcode-frameworks/$(CONFIGURATION)/$(SDK_NAME)";
				GENERATE_INFOPLIST_FILE = YES;
				INFOPLIST_KEY_UIApplicationSceneManifest_Generation = YES;
				INFOPLIST_KEY_UIApplicationSupportsIndirectInputEvents = YES;
				INFOPLIST_KEY_UILaunchScreen_Generation = YES;
				INFOPLIST_KEY_UISupportedInterfaceOrientations_iPad = "UIInterfaceOrientationPortrait UIInterfaceOrientationPortraitUpsideDown UIInterfaceOrientationLandscapeLeft UIInterfaceOrientationLandscapeRight";
				INFOPLIST_KEY_UISupportedInterfaceOrientations_iPhone = "UIInterfaceOrientationPortrait UIInterfaceOrientationLandscapeLeft UIInterfaceOrientationLandscapeRight";
				LD_RUNPATH_SEARCH_PATHS = (
					"$(inherited)",
					"@executable_path/Frameworks",
				);
				MARKETING_VERSION = 1.0;
				OTHER_LDFLAGS = (
					"$(inherited)",
					"-framework",
					Shared,
				);
				PRODUCT_BUNDLE_IDENTIFIER = com.pumpernickel.iosApp;
				PRODUCT_NAME = "$(TARGET_NAME)";
				SWIFT_EMIT_LOC_STRINGS = YES;
				SWIFT_VERSION = 5.0;
				TARGETED_DEVICE_FAMILY = "1,2";
			};
			name = Release;
		};
/* End XCBuildConfiguration section */

/* Begin XCConfigurationList section */
		G10001 /* Build configuration list for PBXProject "iosApp" */ = {
			isa = XCConfigurationList;
			buildConfigurations = (
				G10010 /* Debug */,
				G10011 /* Release */,
			);
			defaultConfigurationIsVisible = 0;
			defaultConfigurationName = Release;
		};
		G10003 /* Build configuration list for PBXNativeTarget "iosApp" */ = {
			isa = XCConfigurationList;
			buildConfigurations = (
				G10020 /* Debug */,
				G10021 /* Release */,
			);
			defaultConfigurationIsVisible = 0;
			defaultConfigurationName = Release;
		};
/* End XCConfigurationList section */

/* Begin XCRemoteSwiftPackageReference section */
		D10010 /* XCRemoteSwiftPackageReference "KMP-NativeCoroutines" */ = {
			isa = XCRemoteSwiftPackageReference;
			repositoryURL = "https://github.com/rickclephas/KMP-NativeCoroutines";
			requirement = {
				kind = exactVersion;
				version = 1.0.2;
			};
		};
		D10011 /* XCRemoteSwiftPackageReference "SVGPath" */ = {
			isa = XCRemoteSwiftPackageReference;
			repositoryURL = "https://github.com/nicklockwood/SVGPath";
			requirement = {
				kind = upToNextMajorVersion;
				minimumVersion = 1.1.0;
			};
		};
/* End XCRemoteSwiftPackageReference section */

/* Begin XCSwiftPackageProductDependency section */
		D10001 /* KMPNativeCoroutinesAsync */ = {
			isa = XCSwiftPackageProductDependency;
			package = D10010 /* XCRemoteSwiftPackageReference "KMP-NativeCoroutines" */;
			productName = KMPNativeCoroutinesAsync;
		};
		D10002 /* KMPNativeCoroutinesCore */ = {
			isa = XCSwiftPackageProductDependency;
			package = D10010 /* XCRemoteSwiftPackageReference "KMP-NativeCoroutines" */;
			productName = KMPNativeCoroutinesCore;
		};
		D10003 /* SVGPath */ = {
			isa = XCSwiftPackageProductDependency;
			package = D10011 /* XCRemoteSwiftPackageReference "SVGPath" */;
			productName = SVGPath;
		};
/* End XCSwiftPackageProductDependency section */
	};
	rootObject = H10001 /* Project object */;
}
